<?xml version="1.0" encoding="utf-8"?>
<Project ToolsVersion="4.0" xmlns="http://schemas.microsoft.com/developer/msbuild/2003">
  <ItemGroup>
    <Filter Include="Исходные файлы">
      <UniqueIdentifier>{4FC737F1-C7A5-4376-A066-2A32D752A2FF}</UniqueIdentifier>
      <Extensions>cpp;c;cc;cxx;c++;cppm;ixx;def;odl;idl;hpj;bat;asm;asmx</Extensions>
    </Filter>
    <Filter Include="Файлы ресурсов">
      <UniqueIdentifier>{67DA6AB6-F800-4c08-8B7A-83BB121AAD01}</UniqueIdentifier>
      <Extensions>rc;ico;cur;bmp;dlg;rc2;rct;bin;rgs;gif;jpg;jpeg;jpe;resx;tiff;tif;png;wav;mfcribbon-ms</Extensions>
    </Filter>
    <Filter Include="Исходные файлы\headers">
      <UniqueIdentifier>{22108b45-f2bf-4660-a8e6-56b454306fef}</UniqueIdentifier>
    </Filter>
    <Filter Include="Исходные файлы\source">
      <UniqueIdentifier>{6d599ba7-8fa2-4762-ac22-9849e5dd4940}</UniqueIdentifier>
    </Filter>
    <Filter Include="Исходные файлы\source\menu">
      <UniqueIdentifier>{bd4e6e7d-cf2b-4853-97aa-271f31883c11}</UniqueIdentifier>
    </Filter>
    <Filter Include="Исходные файлы\source\other">
      <UniqueIdentifier>{344fb302-4069-475b-bf69-b9d5ac9b408d}</UniqueIdentifier>
    </Filter>
    <Filter Include="Исходные файлы\source\problems functionality">
      <UniqueIdentifier>{2cfd46ac-bc1f-4a59-ad58-a150947ff144}</UniqueIdentifier>
    </Filter>
    <Filter Include="Исходные файлы\source\problems functionality\problem 3">
      <UniqueIdentifier>{e7855b8c-8df9-4509-87d7-79051e9a2423}</UniqueIdentifier>
    </Filter>
    <Filter Include="Исходные файлы\source\problems functionality\problem 2">
      <UniqueIdentifier>{ebb7fe3a-ff90-4c48-8140-5b19343c4e0f}</UniqueIdentifier>
    </Filter>
    <Filter Include="Исходные файлы\source\problems functionality\problem 1">
      <UniqueIdentifier>{7b572118-c14d-4231-9456-88c2d073741b}</UniqueIdentifier>
    </Filter>
    <Filter Include="Исходные файлы\source\menu\input">
      <UniqueIdentifier>{539787da-138f-47a2-9555-e2d4547c9e08}</UniqueIdentifier>
    </Filter>
    <Filter Include="Файлы заголовков">
      <UniqueIdentifier>{93995380-89BD-4b04-88EB-625FBE52EBFB}</UniqueIdentifier>
      <Extensions>h;hh;hpp;hxx;h++;hm;inl;inc;ipp;xsd</Extensions>
    </Filter>
    <Filter Include="Исходные файлы\source\menu\print">
      <UniqueIdentifier>{d1e437f1-2167-460e-8b6f-837f016eaf6a}</UniqueIdentifier>
    </Filter>
    <Filter Include="Исходные файлы\source\menu\file input">
      <UniqueIdentifier>{d7d6bf28-aa8e-4100-9f12-b4ae1397dcb9}</UniqueIdentifier>
    </Filter>
    <Filter Include="Исходные файлы\source\menu\menu options">
      <UniqueIdentifier>{63c92cae-d215-4cf7-98f5-74d928e9196b}</UniqueIdentifier>
    </Filter>
    <Filter Include="Исходные файлы\templates">
      <UniqueIdentifier>{4c5d1ab6-e27c-4acb-b44e-1a7a09ae3c1e}</UniqueIdentifier>
    </Filter>
    <Filter Include="Исходные файлы\templates\menu_options">
      <UniqueIdentifier>{79f20dd3-66c8-4e53-b8af-310eeb62dd54}</UniqueIdentifier>
    </Filter>
    <Filter Include="Исходные файлы\templates\problems_functionality">
      <UniqueIdentifier>{fe6dafb1-b0cb-41b0-af46-dc70b660a092}</UniqueIdentifier>
    </Filter>
    <Filter Include="Исходные файлы\templates\print">
      <UniqueIdentifier>{d14bc7cb-fa28-4726-b85e-8d548d9e84c0}</UniqueIdentifier>
    </Filter>
    <Filter Include="Исходные файлы\templates\input">
      <UniqueIdentifier>{cded122d-24e9-4d2f-9765-43daa200e4db}</UniqueIdentifier>
    </Filter>
  </ItemGroup>
  <ItemGroup>
    <ClCompile Include="check_string.cpp">
      <Filter>Исходные файлы\source\other</Filter>
    </ClCompile>
    <ClCompile Include="convert_string.cpp">
      <Filter>Исходные файлы\source\other</Filter>
    </ClCompile>
    <ClCompile Include="math_additions.cpp">
      <Filter>Исходные файлы\source\other</Filter>
    </ClCompile>
    <ClCompile Include="problem_number_input.cpp">
      <Filter>Исходные файлы\source\menu\input</Filter>
    </ClCompile>
    <ClCompile Include="problems_info.cpp">
      <Filter>Исходные файлы\source\menu\print</Filter>
    </ClCompile>
    <ClCompile Include="input_array_size.cpp">
      <Filter>Исходные файлы\source\menu\input</Filter>
    </ClCompile>
    <ClCompile Include="input_elementary.cpp">
      <Filter>Исходные файлы\source\menu\input</Filter>
    </ClCompile>
    <ClCompile Include="input_matrix_size.cpp">
      <Filter>Исходные файлы\source\menu\input</Filter>
    </ClCompile>
    <ClCompile Include="matrix_k_rows.cpp">
      <Filter>Исходные файлы\source\problems functionality\problem 2</Filter>
    </ClCompile>
    <ClCompile Include="file_problem.cpp">
      <Filter>Исходные файлы\source\menu\menu options</Filter>
    </ClCompile>
    <ClCompile Include="fread_file.cpp">
      <Filter>Исходные файлы\source\menu\file input</Filter>
    </ClCompile>
    <ClCompile Include="rows_with_negative.cpp">
      <Filter>Исходные файлы\source\problems functionality\problem 2</Filter>
    </ClCompile>
    <ClCompile Include="global_menu.cpp">
      <Filter>Исходные файлы\source\menu</Filter>
    </ClCompile>
    <ClCompile Include="check_zeros.cpp">
      <Filter>Исходные файлы\source\problems functionality\problem 1</Filter>
    </ClCompile>
    <ClCompile Include="count_words.cpp">
      <Filter>Исходные файлы\source\problems functionality\problem 3</Filter>
    </ClCompile>
    <ClCompile Include="file_input.cpp">
      <Filter>Исходные файлы\source</Filter>
    </ClCompile>
    <ClCompile Include="wait_input.cpp">
      <Filter>Исходные файлы\source\menu\input</Filter>
    </ClCompile>
    <ClCompile Include="data_type_input.cpp">
      <Filter>Исходные файлы\source\menu\input</Filter>
    </ClCompile>
    <ClCompile Include="print_zeros_reaction.cpp">
      <Filter>Исходные файлы\source\menu\print</Filter>
    </ClCompile>
    <ClCompile Include="main.cpp">
      <Filter>Исходные файлы</Filter>
    </ClCompile>
    <ClCompile Include="print_data_type.cpp">
      <Filter>Исходные файлы\source\menu\print</Filter>
    </ClCompile>
  </ItemGroup>
  <ItemGroup>
    <ClInclude Include="is_number_of_type.h">
      <Filter>Исходные файлы\templates</Filter>
    </ClInclude>
    <ClInclude Include="array_menu_option.h">
      <Filter>Исходные файлы\templates\menu_options</Filter>
    </ClInclude>
    <ClInclude Include="array_problems.h">
      <Filter>Исходные файлы\templates\problems_functionality</Filter>
    </ClInclude>
    <ClInclude Include="matrix_problems.h">
      <Filter>Исходные файлы\templates\problems_functionality</Filter>
    </ClInclude>
    <ClInclude Include="print_array.h">
      <Filter>Исходные файлы\templates\print</Filter>
    </ClInclude>
    <ClInclude Include="input_array.h">
      <Filter>Исходные файлы\templates\input</Filter>
    </ClInclude>
    <ClInclude Include="input_number.h">
      <Filter>Исходные файлы\templates\input</Filter>
    </ClInclude>
    <ClInclude Include="string_to_number.h">
      <Filter>Исходные файлы\templates</Filter>
    </ClInclude>
    <ClInclude Include="print_number.h">
      <Filter>Исходные файлы\templates\print</Filter>
    </ClInclude>
    <ClInclude Include="matrix_menu_option.h">
      <Filter>Исходные файлы\templates\menu_options</Filter>
    </ClInclude>
    <ClInclude Include="input_matrix.h">
      <Filter>Исходные файлы\templates\input</Filter>
    </ClInclude>
    <ClInclude Include="delete_matrix.h">
      <Filter>Исходные файлы\templates</Filter>
    </ClInclude>
  </ItemGroup>
  <ItemGroup>
    <ClInclude Include="Prototypes.h">
      <Filter>Исходные файлы\headers</Filter>
    </ClInclude>
    <ClInclude Include="Libraries.h">
      <Filter>Исходные файлы\headers</Filter>
    </ClInclude>
  </ItemGroup>
  <ItemGroup>
    <Text Include="input.txt">
      <Filter>Исходные файлы\source</Filter>
    </Text>
  </ItemGroup>
</Project>